
Microsoft Visual Studio Solution File, Format Version 12.00
# Visual Studio 15
VisualStudioVersion = 15.0.28010.2046
MinimumVisualStudioVersion = 10.0.40219.1
Project("{8BC9CEB8-8B4A-11D0-8D11-00A0C91BC942}") = "STL_Containers", "STL_Containers\STL_Containers.vcxproj", "{E732ABF9-E506-4FB3-A689-3583C50EAD1F}"
EndProject
Global
	GlobalSection(SolutionConfigurationPlatforms) = preSolution
		Debug|x64 = Debug|x64
		Debug|x86 = Debug|x86
		Release|x64 = Release|x64
		Release|x86 = Release|x86
	EndGlobalSection
	GlobalSection(ProjectConfigurationPlatforms) = postSolution
		{E732ABF9-E506-4FB3-A689-3583C50EAD1F}.Debug|x64.ActiveCfg = Debug|x64
		{E732ABF9-E506-4FB3-A689-3583C50EAD1F}.Debug|x64.Build.0 = Debug|x64
		{E732ABF9-E506-4FB3-A689-3583C50EAD1F}.Debug|x86.ActiveCfg = Debug|Win32
		{E732ABF9-E506-4FB3-A689-3583C50EAD1F}.Debug|x86.Build.0 = Debug|Win32
		{E732ABF9-E506-4FB3-A689-3583C50EAD1F}.Release|x64.ActiveCfg = Release|x64
		{E732ABF9-E506-4FB3-A689-3583C50EAD1F}.Release|x64.Build.0 = Release|x64
		{E732ABF9-E506-4FB3-A689-3583C50EAD1F}.Release|x86.ActiveCfg = Release|Win32
		{E732ABF9-E506-4FB3-A689-3583C50EAD1F}.Release|x86.Build.0 = Release|Win32
	EndGlobalSection
	GlobalSection(SolutionProperties) = preSolution
		HideSolutionNode = FALSE
	EndGlobalSection
	GlobalSection(ExtensibilityGlobals) = postSolution
		SolutionGuid = {9608DFEF-D0F8-4862-95D7-3FB168C20F92}
	EndGlobalSection
EndGlobal
